
Microsoft Visual Studio Solution File, Format Version 12.00
# Visual Studio Version 17
VisualStudioVersion = 17.11.35312.102
MinimumVisualStudioVersion = 10.0.40219.1
Project("{8BC9CEB8-8B4A-11D0-8D11-00A0C91BC942}") = "MyTetris", "MyTetris\MyTetris.vcxproj", "{493EEBCA-23BA-4443-905D-3D50A0CD117A}"
EndProject
Project("{2150E333-8FDC-42A3-9474-1A3956D46DE8}") = "dependencies", "dependencies", "{D5EDB33F-9978-4482-BACC-30EEDAB8CA87}"
EndProject
Global
	GlobalSection(SolutionConfigurationPlatforms) = preSolution
		Debug|x64 = Debug|x64
		Debug|x86 = Debug|x86
		Release|x64 = Release|x64
		Release|x86 = Release|x86
	EndGlobalSection
	GlobalSection(ProjectConfigurationPlatforms) = postSolution
		{493EEBCA-23BA-4443-905D-3D50A0CD117A}.Debug|x64.ActiveCfg = Debug|x64
		{493EEBCA-23BA-4443-905D-3D50A0CD117A}.Debug|x64.Build.0 = Debug|x64
		{493EEBCA-23BA-4443-905D-3D50A0CD117A}.Debug|x86.ActiveCfg = Debug|Win32
		{493EEBCA-23BA-4443-905D-3D50A0CD117A}.Debug|x86.Build.0 = Debug|Win32
		{493EEBCA-23BA-4443-905D-3D50A0CD117A}.Release|x64.ActiveCfg = Release|x64
		{493EEBCA-23BA-4443-905D-3D50A0CD117A}.Release|x64.Build.0 = Release|x64
		{493EEBCA-23BA-4443-905D-3D50A0CD117A}.Release|x86.ActiveCfg = Release|Win32
		{493EEBCA-23BA-4443-905D-3D50A0CD117A}.Release|x86.Build.0 = Release|Win32
	EndGlobalSection
	GlobalSection(SolutionProperties) = preSolution
		HideSolutionNode = FALSE
	EndGlobalSection
	GlobalSection(ExtensibilityGlobals) = postSolution
		SolutionGuid = {A818B21F-B614-4CBD-85BB-DA3B3DBA549E}
	EndGlobalSection
EndGlobal
